
Microsoft Visual Studio Solution File, Format Version 12.00
# Visual Studio Version 17
VisualStudioVersion = 17.11.35312.102
MinimumVisualStudioVersion = 10.0.40219.1
Project("{9A19103F-16F7-4668-BE54-9A1E7A4F7556}") = "SwaggerFirstApp", "SwaggerFirstApp\SwaggerFirstApp.csproj", "{98AC5D7E-AC27-44B8-9C23-5CACA86C643B}"
EndProject
Project("{FAE04EC0-301F-11D3-BF4B-00C04F79EFBC}") = "SwaggerFistAppTest", "SwaggerFistAppTest\SwaggerFistAppTest.csproj", "{38BCF90B-1C36-4A74-BE48-C49378F962E9}"
EndProject
Global
	GlobalSection(SolutionConfigurationPlatforms) = preSolution
		Debug|Any CPU = Debug|Any CPU
		Release|Any CPU = Release|Any CPU
	EndGlobalSection
	GlobalSection(ProjectConfigurationPlatforms) = postSolution
		{98AC5D7E-AC27-44B8-9C23-5CACA86C643B}.Debug|Any CPU.ActiveCfg = Debug|Any CPU
		{98AC5D7E-AC27-44B8-9C23-5CACA86C643B}.Debug|Any CPU.Build.0 = Debug|Any CPU
		{98AC5D7E-AC27-44B8-9C23-5CACA86C643B}.Release|Any CPU.ActiveCfg = Release|Any CPU
		{98AC5D7E-AC27-44B8-9C23-5CACA86C643B}.Release|Any CPU.Build.0 = Release|Any CPU
		{38BCF90B-1C36-4A74-BE48-C49378F962E9}.Debug|Any CPU.ActiveCfg = Debug|Any CPU
		{38BCF90B-1C36-4A74-BE48-C49378F962E9}.Debug|Any CPU.Build.0 = Debug|Any CPU
		{38BCF90B-1C36-4A74-BE48-C49378F962E9}.Release|Any CPU.ActiveCfg = Release|Any CPU
		{38BCF90B-1C36-4A74-BE48-C49378F962E9}.Release|Any CPU.Build.0 = Release|Any CPU
	EndGlobalSection
	GlobalSection(SolutionProperties) = preSolution
		HideSolutionNode = FALSE
	EndGlobalSection
	GlobalSection(ExtensibilityGlobals) = postSolution
		SolutionGuid = {B3A51FFA-36C9-4536-8F52-2CE9BA9CBF0A}
	EndGlobalSection
EndGlobal
